
Microsoft Visual Studio Solution File, Format Version 12.00
# Visual Studio Version 16
VisualStudioVersion = 16.0.33423.256
MinimumVisualStudioVersion = 10.0.40219.1
Project("{FAE04EC0-301F-11D3-BF4B-00C04F79EFBC}") = "SING IN", "SING IN\SING IN.csproj", "{FE367437-5DC5-40A4-AE8D-6B0D3932DED3}"
EndProject
Global
	GlobalSection(SolutionConfigurationPlatforms) = preSolution
		Debug|Any CPU = Debug|Any CPU
		Release|Any CPU = Release|Any CPU
	EndGlobalSection
	GlobalSection(ProjectConfigurationPlatforms) = postSolution
		{FE367437-5DC5-40A4-AE8D-6B0D3932DED3}.Debug|Any CPU.ActiveCfg = Debug|Any CPU
		{FE367437-5DC5-40A4-AE8D-6B0D3932DED3}.Debug|Any CPU.Build.0 = Debug|Any CPU
		{FE367437-5DC5-40A4-AE8D-6B0D3932DED3}.Release|Any CPU.ActiveCfg = Release|Any CPU
		{FE367437-5DC5-40A4-AE8D-6B0D3932DED3}.Release|Any CPU.Build.0 = Release|Any CPU
	EndGlobalSection
	GlobalSection(SolutionProperties) = preSolution
		HideSolutionNode = FALSE
	EndGlobalSection
	GlobalSection(ExtensibilityGlobals) = postSolution
		SolutionGuid = {C70C131A-D74E-458A-80CD-31DBD04385F9}
	EndGlobalSection
EndGlobal
