
Microsoft Visual Studio Solution File, Format Version 12.00
# Visual Studio Version 16
VisualStudioVersion = 16.0.33423.256
MinimumVisualStudioVersion = 10.0.40219.1
Project("{FAE04EC0-301F-11D3-BF4B-00C04F79EFBC}") = "conditional statements,loops and arrays", "conditional statements,loops and arrays\conditional statements,loops and arrays.csproj", "{8FAB0E00-7B37-46B7-BAF9-4F7BC3F04F69}"
EndProject
Global
	GlobalSection(SolutionConfigurationPlatforms) = preSolution
		Debug|Any CPU = Debug|Any CPU
		Release|Any CPU = Release|Any CPU
	EndGlobalSection
	GlobalSection(ProjectConfigurationPlatforms) = postSolution
		{8FAB0E00-7B37-46B7-BAF9-4F7BC3F04F69}.Debug|Any CPU.ActiveCfg = Debug|Any CPU
		{8FAB0E00-7B37-46B7-BAF9-4F7BC3F04F69}.Debug|Any CPU.Build.0 = Debug|Any CPU
		{8FAB0E00-7B37-46B7-BAF9-4F7BC3F04F69}.Release|Any CPU.ActiveCfg = Release|Any CPU
		{8FAB0E00-7B37-46B7-BAF9-4F7BC3F04F69}.Release|Any CPU.Build.0 = Release|Any CPU
	EndGlobalSection
	GlobalSection(SolutionProperties) = preSolution
		HideSolutionNode = FALSE
	EndGlobalSection
	GlobalSection(ExtensibilityGlobals) = postSolution
		SolutionGuid = {26BBAD34-D23C-4A58-BDAC-CA2597914F3E}
	EndGlobalSection
EndGlobal
